<?xml version="1.0" encoding="utf-8"?>
<Project ToolsVersion="12.0" xmlns="http://schemas.microsoft.com/developer/msbuild/2003">
  <ItemGroup>
    <CustomBuild Include="..\..\sql\CMakeLists.txt" />
    <CustomBuild Include="..\CMakeFiles\be6d12377481cadf5a799ada07a743c1\lex_hash.h.rule">
      <Filter>CMake Rules</Filter>
    </CustomBuild>
    <CustomBuild Include="..\CMakeFiles\f704452f4515607589541ace378ead73\GenServerSource.rule">
      <Filter>CMake Rules</Filter>
    </CustomBuild>
  </ItemGroup>
  <ItemGroup>
    <None Include="CMakeFiles\GenServerSource" />
  </ItemGroup>
  <ItemGroup>
    <Filter Include="CMake Rules">
      <UniqueIdentifier>{5673DA24-11D4-46B7-9BCA-38E2F67207E0}</UniqueIdentifier>
    </Filter>
  </ItemGroup>
</Project>
