<?xml version="1.0" encoding="utf-8"?>
<Project ToolsVersion="12.0" xmlns="http://schemas.microsoft.com/developer/msbuild/2003">
  <ItemGroup>
    <ClCompile Include="mysqlclient_depends.c">
      <Filter>Source Files</Filter>
    </ClCompile>
  </ItemGroup>
  <ItemGroup>
    <CustomBuild Include="..\..\libmysql\CMakeLists.txt" />
    <CustomBuild Include="..\CMakeFiles\e020bdf8801441224f252c348ad2d884\mysqlclient_depends.c.rule">
      <Filter>CMake Rules</Filter>
    </CustomBuild>
  </ItemGroup>
  <ItemGroup>
    <Filter Include="Source Files">
      <UniqueIdentifier>{530A31DD-F53C-4A65-A3E8-DBABA4089EDC}</UniqueIdentifier>
    </Filter>
    <Filter Include="CMake Rules">
      <UniqueIdentifier>{47A2F423-1836-4475-BC31-06484B32B5CD}</UniqueIdentifier>
    </Filter>
  </ItemGroup>
</Project>
