<?xml version="1.0" encoding="utf-8"?>
<Project ToolsVersion="12.0" xmlns="http://schemas.microsoft.com/developer/msbuild/2003">
  <ItemGroup>
    <ClCompile Include="..\..\libservices\my_snprintf_service.c">
      <Filter>Source Files</Filter>
    </ClCompile>
    <ClCompile Include="..\..\libservices\thd_alloc_service.c">
      <Filter>Source Files</Filter>
    </ClCompile>
    <ClCompile Include="..\..\libservices\thd_wait_service.c">
      <Filter>Source Files</Filter>
    </ClCompile>
    <ClCompile Include="..\..\libservices\my_plugin_log_service.c">
      <Filter>Source Files</Filter>
    </ClCompile>
    <ClCompile Include="..\..\libservices\my_thread_scheduler_service.c">
      <Filter>Source Files</Filter>
    </ClCompile>
    <ClCompile Include="..\..\libservices\mysql_string_service.c">
      <Filter>Source Files</Filter>
    </ClCompile>
  </ItemGroup>
  <ItemGroup>
    <CustomBuild Include="..\..\libservices\CMakeLists.txt" />
  </ItemGroup>
  <ItemGroup>
    <Filter Include="Source Files">
      <UniqueIdentifier>{F312369B-065D-4BCA-BAA3-8E91D1D84E54}</UniqueIdentifier>
    </Filter>
  </ItemGroup>
</Project>
