<?xml version="1.0" encoding="utf-8"?>
<Project ToolsVersion="12.0" xmlns="http://schemas.microsoft.com/developer/msbuild/2003">
  <ItemGroup>
    <ClCompile Include="..\..\..\storage\csv\ha_tina.cc">
      <Filter>Source Files</Filter>
    </ClCompile>
    <ClCompile Include="..\..\..\storage\csv\transparent_file.cc">
      <Filter>Source Files</Filter>
    </ClCompile>
  </ItemGroup>
  <ItemGroup>
    <ClInclude Include="..\..\..\storage\csv\ha_tina.h">
      <Filter>Header Files</Filter>
    </ClInclude>
    <ClInclude Include="..\..\..\storage\csv\transparent_file.h">
      <Filter>Header Files</Filter>
    </ClInclude>
  </ItemGroup>
  <ItemGroup>
    <CustomBuild Include="..\..\..\storage\csv\CMakeLists.txt" />
  </ItemGroup>
  <ItemGroup>
    <Filter Include="Source Files">
      <UniqueIdentifier>{530A31DD-F53C-4A65-A3E8-DBABA4089EDC}</UniqueIdentifier>
    </Filter>
    <Filter Include="Header Files">
      <UniqueIdentifier>{834FF948-5D36-4802-BB1A-D498449D7E1D}</UniqueIdentifier>
    </Filter>
  </ItemGroup>
</Project>
