<?xml version="1.0" encoding="utf-8"?>
<Project ToolsVersion="12.0" xmlns="http://schemas.microsoft.com/developer/msbuild/2003">
  <ItemGroup>
    <CustomBuild Include="..\CMakeFiles\2379ebadf3c9d7c03fcb227fe43c3c37\INSTALL_force.rule">
      <Filter>CMake Rules</Filter>
    </CustomBuild>
  </ItemGroup>
  <ItemGroup>
    <Filter Include="CMake Rules">
      <UniqueIdentifier>{5673DA24-11D4-46B7-9BCA-38E2F67207E0}</UniqueIdentifier>
    </Filter>
  </ItemGroup>
</Project>
