<?xml version="1.0" encoding="utf-8"?>
<Project ToolsVersion="12.0" xmlns="http://schemas.microsoft.com/developer/msbuild/2003">
  <ItemGroup>
    <ClCompile Include="..\..\strings\bchange.c">
      <Filter>Source Files</Filter>
    </ClCompile>
    <ClCompile Include="..\..\strings\bmove_upp.c">
      <Filter>Source Files</Filter>
    </ClCompile>
    <ClCompile Include="..\..\strings\ctype-big5.c">
      <Filter>Source Files</Filter>
    </ClCompile>
    <ClCompile Include="..\..\strings\ctype-bin.c">
      <Filter>Source Files</Filter>
    </ClCompile>
    <ClCompile Include="..\..\strings\ctype-cp932.c">
      <Filter>Source Files</Filter>
    </ClCompile>
    <ClCompile Include="..\..\strings\ctype-czech.c">
      <Filter>Source Files</Filter>
    </ClCompile>
    <ClCompile Include="..\..\strings\ctype-euc_kr.c">
      <Filter>Source Files</Filter>
    </ClCompile>
    <ClCompile Include="..\..\strings\ctype-eucjpms.c">
      <Filter>Source Files</Filter>
    </ClCompile>
    <ClCompile Include="..\..\strings\ctype-extra.c">
      <Filter>Source Files</Filter>
    </ClCompile>
    <ClCompile Include="..\..\strings\ctype-gb2312.c">
      <Filter>Source Files</Filter>
    </ClCompile>
    <ClCompile Include="..\..\strings\ctype-gbk.c">
      <Filter>Source Files</Filter>
    </ClCompile>
    <ClCompile Include="..\..\strings\ctype-latin1.c">
      <Filter>Source Files</Filter>
    </ClCompile>
    <ClCompile Include="..\..\strings\ctype-mb.c">
      <Filter>Source Files</Filter>
    </ClCompile>
    <ClCompile Include="..\..\strings\ctype-simple.c">
      <Filter>Source Files</Filter>
    </ClCompile>
    <ClCompile Include="..\..\strings\ctype-sjis.c">
      <Filter>Source Files</Filter>
    </ClCompile>
    <ClCompile Include="..\..\strings\ctype-tis620.c">
      <Filter>Source Files</Filter>
    </ClCompile>
    <ClCompile Include="..\..\strings\ctype-uca.c">
      <Filter>Source Files</Filter>
    </ClCompile>
    <ClCompile Include="..\..\strings\ctype-ucs2.c">
      <Filter>Source Files</Filter>
    </ClCompile>
    <ClCompile Include="..\..\strings\ctype-ujis.c">
      <Filter>Source Files</Filter>
    </ClCompile>
    <ClCompile Include="..\..\strings\ctype-utf8.c">
      <Filter>Source Files</Filter>
    </ClCompile>
    <ClCompile Include="..\..\strings\ctype-win1250ch.c">
      <Filter>Source Files</Filter>
    </ClCompile>
    <ClCompile Include="..\..\strings\ctype.c">
      <Filter>Source Files</Filter>
    </ClCompile>
    <ClCompile Include="..\..\strings\decimal.c">
      <Filter>Source Files</Filter>
    </ClCompile>
    <ClCompile Include="..\..\strings\dtoa.c">
      <Filter>Source Files</Filter>
    </ClCompile>
    <ClCompile Include="..\..\strings\int2str.c">
      <Filter>Source Files</Filter>
    </ClCompile>
    <ClCompile Include="..\..\strings\is_prefix.c">
      <Filter>Source Files</Filter>
    </ClCompile>
    <ClCompile Include="..\..\strings\llstr.c">
      <Filter>Source Files</Filter>
    </ClCompile>
    <ClCompile Include="..\..\strings\longlong2str.c">
      <Filter>Source Files</Filter>
    </ClCompile>
    <ClCompile Include="..\..\strings\my_strtoll10.c">
      <Filter>Source Files</Filter>
    </ClCompile>
    <ClCompile Include="..\..\strings\my_vsnprintf.c">
      <Filter>Source Files</Filter>
    </ClCompile>
    <ClCompile Include="..\..\strings\str2int.c">
      <Filter>Source Files</Filter>
    </ClCompile>
    <ClCompile Include="..\..\strings\str_alloc.c">
      <Filter>Source Files</Filter>
    </ClCompile>
    <ClCompile Include="..\..\strings\strcend.c">
      <Filter>Source Files</Filter>
    </ClCompile>
    <ClCompile Include="..\..\strings\strend.c">
      <Filter>Source Files</Filter>
    </ClCompile>
    <ClCompile Include="..\..\strings\strfill.c">
      <Filter>Source Files</Filter>
    </ClCompile>
    <ClCompile Include="..\..\strings\strmake.c">
      <Filter>Source Files</Filter>
    </ClCompile>
    <ClCompile Include="..\..\strings\strmov.c">
      <Filter>Source Files</Filter>
    </ClCompile>
    <ClCompile Include="..\..\strings\strnmov.c">
      <Filter>Source Files</Filter>
    </ClCompile>
    <ClCompile Include="..\..\strings\strxmov.c">
      <Filter>Source Files</Filter>
    </ClCompile>
    <ClCompile Include="..\..\strings\strxnmov.c">
      <Filter>Source Files</Filter>
    </ClCompile>
    <ClCompile Include="..\..\strings\xml.c">
      <Filter>Source Files</Filter>
    </ClCompile>
    <ClCompile Include="..\..\strings\my_strchr.c">
      <Filter>Source Files</Filter>
    </ClCompile>
    <ClCompile Include="..\..\strings\strcont.c">
      <Filter>Source Files</Filter>
    </ClCompile>
    <ClCompile Include="..\..\strings\strappend.c">
      <Filter>Source Files</Filter>
    </ClCompile>
  </ItemGroup>
  <ItemGroup>
    <CustomBuild Include="..\..\strings\CMakeLists.txt" />
  </ItemGroup>
  <ItemGroup>
    <Filter Include="Source Files">
      <UniqueIdentifier>{530A31DD-F53C-4A65-A3E8-DBABA4089EDC}</UniqueIdentifier>
    </Filter>
  </ItemGroup>
</Project>
