<?xml version="1.0" encoding="utf-8"?>
<Project ToolsVersion="12.0" xmlns="http://schemas.microsoft.com/developer/msbuild/2003">
  <ItemGroup>
    <CustomBuild Include="..\..\extra\CMakeLists.txt" />
    <CustomBuild Include="..\CMakeFiles\8a44cb2a45d29bce31af3bd1a2b53f13\mysqld_error.h.rule">
      <Filter>CMake Rules</Filter>
    </CustomBuild>
    <CustomBuild Include="..\CMakeFiles\622a11e080923b0b9ced8fc78c20144b\GenError.rule">
      <Filter>CMake Rules</Filter>
    </CustomBuild>
  </ItemGroup>
  <ItemGroup>
    <None Include="CMakeFiles\GenError" />
  </ItemGroup>
  <ItemGroup>
    <Filter Include="CMake Rules">
      <UniqueIdentifier>{47A2F423-1836-4475-BC31-06484B32B5CD}</UniqueIdentifier>
    </Filter>
  </ItemGroup>
</Project>
