<?xml version="1.0" encoding="utf-8"?>
<Project ToolsVersion="12.0" xmlns="http://schemas.microsoft.com/developer/msbuild/2003">
  <ItemGroup>
    <ClCompile Include="..\..\sql\rpl_slave.cc">
      <Filter>Source Files</Filter>
    </ClCompile>
    <ClCompile Include="..\..\sql\rpl_reporting.cc">
      <Filter>Source Files</Filter>
    </ClCompile>
    <ClCompile Include="..\..\sql\rpl_mi.cc">
      <Filter>Source Files</Filter>
    </ClCompile>
    <ClCompile Include="..\..\sql\rpl_rli.cc">
      <Filter>Source Files</Filter>
    </ClCompile>
    <ClCompile Include="..\..\sql\rpl_info_handler.cc">
      <Filter>Source Files</Filter>
    </ClCompile>
    <ClCompile Include="..\..\sql\rpl_info_file.cc">
      <Filter>Source Files</Filter>
    </ClCompile>
    <ClCompile Include="..\..\sql\rpl_info_table.cc">
      <Filter>Source Files</Filter>
    </ClCompile>
    <ClCompile Include="..\..\sql\rpl_info_values.cc">
      <Filter>Source Files</Filter>
    </ClCompile>
    <ClCompile Include="..\..\sql\rpl_info.cc">
      <Filter>Source Files</Filter>
    </ClCompile>
    <ClCompile Include="..\..\sql\rpl_info_factory.cc">
      <Filter>Source Files</Filter>
    </ClCompile>
    <ClCompile Include="..\..\sql\rpl_info_table_access.cc">
      <Filter>Source Files</Filter>
    </ClCompile>
    <ClCompile Include="..\..\sql\dynamic_ids.cc">
      <Filter>Source Files</Filter>
    </ClCompile>
    <ClCompile Include="..\..\sql\rpl_rli_pdb.cc">
      <Filter>Source Files</Filter>
    </ClCompile>
    <ClCompile Include="..\..\sql\rpl_info_dummy.cc">
      <Filter>Source Files</Filter>
    </ClCompile>
  </ItemGroup>
  <ItemGroup>
    <CustomBuild Include="..\..\sql\CMakeLists.txt" />
  </ItemGroup>
  <ItemGroup>
    <Filter Include="Source Files">
      <UniqueIdentifier>{D7F1583C-A649-4CFE-83AA-6EFFBA52EEB3}</UniqueIdentifier>
    </Filter>
  </ItemGroup>
</Project>
