<?xml version="1.0" encoding="utf-8"?>
<Project ToolsVersion="12.0" xmlns="http://schemas.microsoft.com/developer/msbuild/2003">
  <ItemGroup>
    <ClCompile Include="..\..\mysys\array.c">
      <Filter>Source Files</Filter>
    </ClCompile>
    <ClCompile Include="..\..\mysys\charset-def.c">
      <Filter>Source Files</Filter>
    </ClCompile>
    <ClCompile Include="..\..\mysys\charset.c">
      <Filter>Source Files</Filter>
    </ClCompile>
    <ClCompile Include="..\..\mysys\checksum.c">
      <Filter>Source Files</Filter>
    </ClCompile>
    <ClCompile Include="..\..\mysys\errors.c">
      <Filter>Source Files</Filter>
    </ClCompile>
    <ClCompile Include="..\..\mysys\hash.c">
      <Filter>Source Files</Filter>
    </ClCompile>
    <ClCompile Include="..\..\mysys\list.c">
      <Filter>Source Files</Filter>
    </ClCompile>
    <ClCompile Include="..\..\mysys\mf_cache.c">
      <Filter>Source Files</Filter>
    </ClCompile>
    <ClCompile Include="..\..\mysys\mf_dirname.c">
      <Filter>Source Files</Filter>
    </ClCompile>
    <ClCompile Include="..\..\mysys\mf_fn_ext.c">
      <Filter>Source Files</Filter>
    </ClCompile>
    <ClCompile Include="..\..\mysys\mf_format.c">
      <Filter>Source Files</Filter>
    </ClCompile>
    <ClCompile Include="..\..\mysys\mf_getdate.c">
      <Filter>Source Files</Filter>
    </ClCompile>
    <ClCompile Include="..\..\mysys\mf_iocache.c">
      <Filter>Source Files</Filter>
    </ClCompile>
    <ClCompile Include="..\..\mysys\mf_iocache2.c">
      <Filter>Source Files</Filter>
    </ClCompile>
    <ClCompile Include="..\..\mysys\mf_keycache.c">
      <Filter>Source Files</Filter>
    </ClCompile>
    <ClCompile Include="..\..\mysys\mf_keycaches.c">
      <Filter>Source Files</Filter>
    </ClCompile>
    <ClCompile Include="..\..\mysys\mf_loadpath.c">
      <Filter>Source Files</Filter>
    </ClCompile>
    <ClCompile Include="..\..\mysys\mf_pack.c">
      <Filter>Source Files</Filter>
    </ClCompile>
    <ClCompile Include="..\..\mysys\mf_path.c">
      <Filter>Source Files</Filter>
    </ClCompile>
    <ClCompile Include="..\..\mysys\mf_qsort.c">
      <Filter>Source Files</Filter>
    </ClCompile>
    <ClCompile Include="..\..\mysys\mf_qsort2.c">
      <Filter>Source Files</Filter>
    </ClCompile>
    <ClCompile Include="..\..\mysys\mf_radix.c">
      <Filter>Source Files</Filter>
    </ClCompile>
    <ClCompile Include="..\..\mysys\mf_same.c">
      <Filter>Source Files</Filter>
    </ClCompile>
    <ClCompile Include="..\..\mysys\mf_sort.c">
      <Filter>Source Files</Filter>
    </ClCompile>
    <ClCompile Include="..\..\mysys\mf_soundex.c">
      <Filter>Source Files</Filter>
    </ClCompile>
    <ClCompile Include="..\..\mysys\mf_arr_appstr.c">
      <Filter>Source Files</Filter>
    </ClCompile>
    <ClCompile Include="..\..\mysys\mf_tempdir.c">
      <Filter>Source Files</Filter>
    </ClCompile>
    <ClCompile Include="..\..\mysys\mf_tempfile.c">
      <Filter>Source Files</Filter>
    </ClCompile>
    <ClCompile Include="..\..\mysys\mf_unixpath.c">
      <Filter>Source Files</Filter>
    </ClCompile>
    <ClCompile Include="..\..\mysys\mf_wcomp.c">
      <Filter>Source Files</Filter>
    </ClCompile>
    <ClCompile Include="..\..\mysys\mulalloc.c">
      <Filter>Source Files</Filter>
    </ClCompile>
    <ClCompile Include="..\..\mysys\my_access.c">
      <Filter>Source Files</Filter>
    </ClCompile>
    <ClCompile Include="..\..\mysys\my_alloc.c">
      <Filter>Source Files</Filter>
    </ClCompile>
    <ClCompile Include="..\..\mysys\my_bit.c">
      <Filter>Source Files</Filter>
    </ClCompile>
    <ClCompile Include="..\..\mysys\my_bitmap.c">
      <Filter>Source Files</Filter>
    </ClCompile>
    <ClCompile Include="..\..\mysys\my_chsize.c">
      <Filter>Source Files</Filter>
    </ClCompile>
    <ClCompile Include="..\..\mysys\my_compress.c">
      <Filter>Source Files</Filter>
    </ClCompile>
    <ClCompile Include="..\..\mysys\my_copy.c">
      <Filter>Source Files</Filter>
    </ClCompile>
    <ClCompile Include="..\..\mysys\my_create.c">
      <Filter>Source Files</Filter>
    </ClCompile>
    <ClCompile Include="..\..\mysys\my_delete.c">
      <Filter>Source Files</Filter>
    </ClCompile>
    <ClCompile Include="..\..\mysys\my_div.c">
      <Filter>Source Files</Filter>
    </ClCompile>
    <ClCompile Include="..\..\mysys\my_error.c">
      <Filter>Source Files</Filter>
    </ClCompile>
    <ClCompile Include="..\..\mysys\my_file.c">
      <Filter>Source Files</Filter>
    </ClCompile>
    <ClCompile Include="..\..\mysys\my_fopen.c">
      <Filter>Source Files</Filter>
    </ClCompile>
    <ClCompile Include="..\..\mysys\my_fstream.c">
      <Filter>Source Files</Filter>
    </ClCompile>
    <ClCompile Include="..\..\mysys\my_gethwaddr.c">
      <Filter>Source Files</Filter>
    </ClCompile>
    <ClCompile Include="..\..\mysys\my_getsystime.c">
      <Filter>Source Files</Filter>
    </ClCompile>
    <ClCompile Include="..\..\mysys\my_getwd.c">
      <Filter>Source Files</Filter>
    </ClCompile>
    <ClCompile Include="..\..\mysys\my_compare.c">
      <Filter>Source Files</Filter>
    </ClCompile>
    <ClCompile Include="..\..\mysys\my_init.c">
      <Filter>Source Files</Filter>
    </ClCompile>
    <ClCompile Include="..\..\mysys\my_isnan.c">
      <Filter>Source Files</Filter>
    </ClCompile>
    <ClCompile Include="..\..\mysys\my_lib.c">
      <Filter>Source Files</Filter>
    </ClCompile>
    <ClCompile Include="..\..\mysys\my_lock.c">
      <Filter>Source Files</Filter>
    </ClCompile>
    <ClCompile Include="..\..\mysys\my_malloc.c">
      <Filter>Source Files</Filter>
    </ClCompile>
    <ClCompile Include="..\..\mysys\my_mess.c">
      <Filter>Source Files</Filter>
    </ClCompile>
    <ClCompile Include="..\..\mysys\my_mkdir.c">
      <Filter>Source Files</Filter>
    </ClCompile>
    <ClCompile Include="..\..\mysys\my_mmap.c">
      <Filter>Source Files</Filter>
    </ClCompile>
    <ClCompile Include="..\..\mysys\my_once.c">
      <Filter>Source Files</Filter>
    </ClCompile>
    <ClCompile Include="..\..\mysys\my_open.c">
      <Filter>Source Files</Filter>
    </ClCompile>
    <ClCompile Include="..\..\mysys\my_pread.c">
      <Filter>Source Files</Filter>
    </ClCompile>
    <ClCompile Include="..\..\mysys\my_pthread.c">
      <Filter>Source Files</Filter>
    </ClCompile>
    <ClCompile Include="..\..\mysys\my_quick.c">
      <Filter>Source Files</Filter>
    </ClCompile>
    <ClCompile Include="..\..\mysys\my_read.c">
      <Filter>Source Files</Filter>
    </ClCompile>
    <ClCompile Include="..\..\mysys\my_redel.c">
      <Filter>Source Files</Filter>
    </ClCompile>
    <ClCompile Include="..\..\mysys\my_rename.c">
      <Filter>Source Files</Filter>
    </ClCompile>
    <ClCompile Include="..\..\mysys\my_seek.c">
      <Filter>Source Files</Filter>
    </ClCompile>
    <ClCompile Include="..\..\mysys\my_sleep.c">
      <Filter>Source Files</Filter>
    </ClCompile>
    <ClCompile Include="..\..\mysys\my_static.c">
      <Filter>Source Files</Filter>
    </ClCompile>
    <ClCompile Include="..\..\mysys\my_symlink.c">
      <Filter>Source Files</Filter>
    </ClCompile>
    <ClCompile Include="..\..\mysys\my_symlink2.c">
      <Filter>Source Files</Filter>
    </ClCompile>
    <ClCompile Include="..\..\mysys\my_sync.c">
      <Filter>Source Files</Filter>
    </ClCompile>
    <ClCompile Include="..\..\mysys\my_thr_init.c">
      <Filter>Source Files</Filter>
    </ClCompile>
    <ClCompile Include="..\..\mysys\my_write.c">
      <Filter>Source Files</Filter>
    </ClCompile>
    <ClCompile Include="..\..\mysys\ptr_cmp.c">
      <Filter>Source Files</Filter>
    </ClCompile>
    <ClCompile Include="..\..\mysys\queues.c">
      <Filter>Source Files</Filter>
    </ClCompile>
    <ClCompile Include="..\..\mysys\stacktrace.c">
      <Filter>Source Files</Filter>
    </ClCompile>
    <ClCompile Include="..\..\mysys\string.c">
      <Filter>Source Files</Filter>
    </ClCompile>
    <ClCompile Include="..\..\mysys\thr_alarm.c">
      <Filter>Source Files</Filter>
    </ClCompile>
    <ClCompile Include="..\..\mysys\thr_lock.c">
      <Filter>Source Files</Filter>
    </ClCompile>
    <ClCompile Include="..\..\mysys\thr_mutex.c">
      <Filter>Source Files</Filter>
    </ClCompile>
    <ClCompile Include="..\..\mysys\thr_rwlock.c">
      <Filter>Source Files</Filter>
    </ClCompile>
    <ClCompile Include="..\..\mysys\tree.c">
      <Filter>Source Files</Filter>
    </ClCompile>
    <ClCompile Include="..\..\mysys\typelib.c">
      <Filter>Source Files</Filter>
    </ClCompile>
    <ClCompile Include="..\..\mysys\base64.c">
      <Filter>Source Files</Filter>
    </ClCompile>
    <ClCompile Include="..\..\mysys\my_memmem.c">
      <Filter>Source Files</Filter>
    </ClCompile>
    <ClCompile Include="..\..\mysys\my_getpagesize.c">
      <Filter>Source Files</Filter>
    </ClCompile>
    <ClCompile Include="..\..\mysys\lf_alloc-pin.c">
      <Filter>Source Files</Filter>
    </ClCompile>
    <ClCompile Include="..\..\mysys\lf_dynarray.c">
      <Filter>Source Files</Filter>
    </ClCompile>
    <ClCompile Include="..\..\mysys\lf_hash.c">
      <Filter>Source Files</Filter>
    </ClCompile>
    <ClCompile Include="..\..\mysys\my_atomic.c">
      <Filter>Source Files</Filter>
    </ClCompile>
    <ClCompile Include="..\..\mysys\my_getncpus.c">
      <Filter>Source Files</Filter>
    </ClCompile>
    <ClCompile Include="..\..\mysys\my_rdtsc.c">
      <Filter>Source Files</Filter>
    </ClCompile>
    <ClCompile Include="..\..\mysys\waiting_threads.c">
      <Filter>Source Files</Filter>
    </ClCompile>
    <ClCompile Include="..\..\mysys\psi_noop.c">
      <Filter>Source Files</Filter>
    </ClCompile>
    <ClCompile Include="..\..\mysys\my_winthread.c">
      <Filter>Source Files</Filter>
    </ClCompile>
    <ClCompile Include="..\..\mysys\my_wincond.c">
      <Filter>Source Files</Filter>
    </ClCompile>
    <ClCompile Include="..\..\mysys\my_winerr.c">
      <Filter>Source Files</Filter>
    </ClCompile>
    <ClCompile Include="..\..\mysys\my_winfile.c">
      <Filter>Source Files</Filter>
    </ClCompile>
    <ClCompile Include="..\..\mysys\my_windac.c">
      <Filter>Source Files</Filter>
    </ClCompile>
    <ClCompile Include="..\..\mysys\my_conio.c">
      <Filter>Source Files</Filter>
    </ClCompile>
  </ItemGroup>
  <ItemGroup>
    <CustomBuild Include="..\..\mysys\CMakeLists.txt" />
  </ItemGroup>
  <ItemGroup>
    <Filter Include="Source Files">
      <UniqueIdentifier>{F312369B-065D-4BCA-BAA3-8E91D1D84E54}</UniqueIdentifier>
    </Filter>
  </ItemGroup>
</Project>
