<?xml version="1.0" encoding="utf-8"?>
<Project ToolsVersion="12.0" xmlns="http://schemas.microsoft.com/developer/msbuild/2003">
  <ItemGroup>
    <ClCompile Include="..\..\..\libmysql\authentication_win\plugin_client.cc">
      <Filter>Source Files</Filter>
    </ClCompile>
    <ClCompile Include="..\..\..\libmysql\authentication_win\handshake_client.cc">
      <Filter>Source Files</Filter>
    </ClCompile>
    <ClCompile Include="..\..\..\libmysql\authentication_win\log_client.cc">
      <Filter>Source Files</Filter>
    </ClCompile>
    <ClCompile Include="..\..\..\libmysql\authentication_win\common.cc">
      <Filter>Source Files</Filter>
    </ClCompile>
    <ClCompile Include="..\..\..\libmysql\authentication_win\handshake.cc">
      <Filter>Source Files</Filter>
    </ClCompile>
  </ItemGroup>
  <ItemGroup>
    <ClInclude Include="..\..\..\libmysql\authentication_win\common.h">
      <Filter>Headers</Filter>
    </ClInclude>
    <ClInclude Include="..\..\..\libmysql\authentication_win\handshake.h">
      <Filter>Headers</Filter>
    </ClInclude>
  </ItemGroup>
  <ItemGroup>
    <CustomBuild Include="..\..\..\libmysql\authentication_win\CMakeLists.txt" />
  </ItemGroup>
  <ItemGroup>
    <Filter Include="Source Files">
      <UniqueIdentifier>{530A31DD-F53C-4A65-A3E8-DBABA4089EDC}</UniqueIdentifier>
    </Filter>
    <Filter Include="Headers">
      <UniqueIdentifier>{FA5E929B-979C-452E-868D-528262B9ABC1}</UniqueIdentifier>
    </Filter>
  </ItemGroup>
</Project>
