<?xml version="1.0" encoding="utf-8"?>
<Project ToolsVersion="12.0" xmlns="http://schemas.microsoft.com/developer/msbuild/2003">
  <ItemGroup>
    <CustomBuild Include="..\..\..\storage\example\CMakeLists.txt" />
  </ItemGroup>
  <ItemGroup>
    <Filter Include="Source Files">
      <UniqueIdentifier>{3A1E3812-50FA-4C57-831B-38A09AF025CA}</UniqueIdentifier>
    </Filter>
    <Filter Include="include">
      <UniqueIdentifier>{63dce933-db54-46e5-a09c-67c31be986c0}</UniqueIdentifier>
    </Filter>
  </ItemGroup>
  <ItemGroup>
    <ClInclude Include="..\..\..\storage\example\ha_pubsubsql.h">
      <Filter>include</Filter>
    </ClInclude>
    <ClInclude Include="..\..\..\storage\example\PubsubsqlHandler.hpp">
      <Filter>include</Filter>
    </ClInclude>
    <ClInclude Include="..\..\..\storage\example\PubsubsqlShare.hpp">
      <Filter>include</Filter>
    </ClInclude>
  </ItemGroup>
  <ItemGroup>
    <ClCompile Include="..\..\..\storage\example\ha_pubsubsql.cc">
      <Filter>Source Files</Filter>
    </ClCompile>
    <ClCompile Include="..\..\..\storage\example\PubsubsqlHandler.cpp">
      <Filter>Source Files</Filter>
    </ClCompile>
    <ClCompile Include="..\..\..\storage\example\PubsubsqlShare.cpp">
      <Filter>Source Files</Filter>
    </ClCompile>
  </ItemGroup>
</Project>