<?xml version="1.0" encoding="utf-8"?>
<Project ToolsVersion="12.0" xmlns="http://schemas.microsoft.com/developer/msbuild/2003">
  <ItemGroup>
    <CustomBuild Include="..\..\unittest\CMakeLists.txt" />
    <CustomBuild Include="..\CMakeFiles\f7b7f27abbe3fe6d576269a5c7e0d06e\test-unit.rule">
      <Filter>CMake Rules</Filter>
    </CustomBuild>
  </ItemGroup>
  <ItemGroup>
    <None Include="CMakeFiles\test-unit" />
  </ItemGroup>
  <ItemGroup>
    <Filter Include="CMake Rules">
      <UniqueIdentifier>{47A2F423-1836-4475-BC31-06484B32B5CD}</UniqueIdentifier>
    </Filter>
  </ItemGroup>
</Project>
